
Microsoft Visual Studio Solution File, Format Version 12.00
# Visual Studio Version 17
VisualStudioVersion = 17.1.32407.343
MinimumVisualStudioVersion = 10.0.40219.1
Project("{2150E333-8FDC-42A3-9474-1A3956D46DE8}") = "FrontEnd", "FrontEnd", "{C90D45F9-0C6B-4386-8398-7E888C97E977}"
EndProject
Project("{2150E333-8FDC-42A3-9474-1A3956D46DE8}") = "Services", "Services", "{F7689F8C-AFF7-48E3-AF5D-4860745B0FCE}"
EndProject
Project("{9A19103F-16F7-4668-BE54-9A1E7A4F7556}") = "ShopJoaoDias.Web", "ShopJoaoDias.Web\ShopJoaoDias.Web.csproj", "{A89C117F-0208-484A-9367-256BA4665616}"
EndProject
Project("{9A19103F-16F7-4668-BE54-9A1E7A4F7556}") = "ShopJoaoDias.ProductAPI", "ShopJoaoDias.ProductAPI\ShopJoaoDias.ProductAPI.csproj", "{7A904631-F89B-4D73-8131-D2CC57E9D8E7}"
EndProject
Project("{9A19103F-16F7-4668-BE54-9A1E7A4F7556}") = "ShopJoaoDias.IndentityServer", "ShopJoaoDias.IndentityServer\ShopJoaoDias.IndentityServer.csproj", "{0B0645B2-051C-46DE-8C85-2067DCA89757}"
EndProject
Project("{FAE04EC0-301F-11D3-BF4B-00C04F79EFBC}") = "ShopJoaoDias.CartAPI", "ShopJoaoDias.CartAPI\ShopJoaoDias.CartAPI.csproj", "{690D4286-89E7-4822-99CC-E9DCF16F4792}"
EndProject
Global
	GlobalSection(SolutionConfigurationPlatforms) = preSolution
		Debug|Any CPU = Debug|Any CPU
		Release|Any CPU = Release|Any CPU
	EndGlobalSection
	GlobalSection(ProjectConfigurationPlatforms) = postSolution
		{A89C117F-0208-484A-9367-256BA4665616}.Debug|Any CPU.ActiveCfg = Debug|Any CPU
		{A89C117F-0208-484A-9367-256BA4665616}.Debug|Any CPU.Build.0 = Debug|Any CPU
		{A89C117F-0208-484A-9367-256BA4665616}.Release|Any CPU.ActiveCfg = Release|Any CPU
		{A89C117F-0208-484A-9367-256BA4665616}.Release|Any CPU.Build.0 = Release|Any CPU
		{7A904631-F89B-4D73-8131-D2CC57E9D8E7}.Debug|Any CPU.ActiveCfg = Debug|Any CPU
		{7A904631-F89B-4D73-8131-D2CC57E9D8E7}.Debug|Any CPU.Build.0 = Debug|Any CPU
		{7A904631-F89B-4D73-8131-D2CC57E9D8E7}.Release|Any CPU.ActiveCfg = Release|Any CPU
		{7A904631-F89B-4D73-8131-D2CC57E9D8E7}.Release|Any CPU.Build.0 = Release|Any CPU
		{0B0645B2-051C-46DE-8C85-2067DCA89757}.Debug|Any CPU.ActiveCfg = Debug|Any CPU
		{0B0645B2-051C-46DE-8C85-2067DCA89757}.Debug|Any CPU.Build.0 = Debug|Any CPU
		{0B0645B2-051C-46DE-8C85-2067DCA89757}.Release|Any CPU.ActiveCfg = Release|Any CPU
		{0B0645B2-051C-46DE-8C85-2067DCA89757}.Release|Any CPU.Build.0 = Release|Any CPU
		{690D4286-89E7-4822-99CC-E9DCF16F4792}.Debug|Any CPU.ActiveCfg = Debug|Any CPU
		{690D4286-89E7-4822-99CC-E9DCF16F4792}.Debug|Any CPU.Build.0 = Debug|Any CPU
		{690D4286-89E7-4822-99CC-E9DCF16F4792}.Release|Any CPU.ActiveCfg = Release|Any CPU
		{690D4286-89E7-4822-99CC-E9DCF16F4792}.Release|Any CPU.Build.0 = Release|Any CPU
	EndGlobalSection
	GlobalSection(SolutionProperties) = preSolution
		HideSolutionNode = FALSE
	EndGlobalSection
	GlobalSection(NestedProjects) = preSolution
		{A89C117F-0208-484A-9367-256BA4665616} = {C90D45F9-0C6B-4386-8398-7E888C97E977}
		{7A904631-F89B-4D73-8131-D2CC57E9D8E7} = {F7689F8C-AFF7-48E3-AF5D-4860745B0FCE}
		{0B0645B2-051C-46DE-8C85-2067DCA89757} = {F7689F8C-AFF7-48E3-AF5D-4860745B0FCE}
		{690D4286-89E7-4822-99CC-E9DCF16F4792} = {F7689F8C-AFF7-48E3-AF5D-4860745B0FCE}
	EndGlobalSection
	GlobalSection(ExtensibilityGlobals) = postSolution
		SolutionGuid = {C182AA54-3F66-423F-AA5B-E9831334EC1F}
	EndGlobalSection
EndGlobal
