
Microsoft Visual Studio Solution File, Format Version 12.00
# Visual Studio Version 17
VisualStudioVersion = 17.0.31521.260
MinimumVisualStudioVersion = 10.0.40219.1
Project("{2150E333-8FDC-42A3-9474-1A3956D46DE8}") = "FrontEnd", "FrontEnd", "{5D7D01B6-30E0-4552-BE0E-6EE1577B5FA7}"
EndProject
Project("{2150E333-8FDC-42A3-9474-1A3956D46DE8}") = "Services", "Services", "{BE8F341D-1378-4B40-88F9-6901B74F17C3}"
EndProject
Project("{9A19103F-16F7-4668-BE54-9A1E7A4F7556}") = "ShopJoaoDias.Web", "ShopJoaoDias.Web\ShopJoaoDias.Web.csproj", "{8CB34359-6B94-48E9-B580-BEF0D575A012}"
EndProject
Project("{9A19103F-16F7-4668-BE54-9A1E7A4F7556}") = "ShopJoaoDias.ProductAPI", "ShopJoaoDias.ProductAPI\ShopJoaoDias.ProductAPI.csproj", "{EDD6EF86-1C79-4D89-B2C0-D8D69A1A8E0B}"
EndProject
Project("{9A19103F-16F7-4668-BE54-9A1E7A4F7556}") = "ShopJoaoDias.IdentityServer", "ShopJoaoDias.IdentityServer\ShopJoaoDias.IdentityServer.csproj", "{D814E460-98EE-4956-AD23-93FB232CE206}"
EndProject
Project("{9A19103F-16F7-4668-BE54-9A1E7A4F7556}") = "ShopJoaoDias.CartAPI", "ShopJoaoDias.CartAPI\ShopJoaoDias.CartAPI.csproj", "{CF639DBE-D6AF-45FD-A88A-66B65CE101E4}"
EndProject
Project("{9A19103F-16F7-4668-BE54-9A1E7A4F7556}") = "ShopJoaoDias.CouponAPI", "ShopJoaoDias.CouponAPI\ShopJoaoDias.CouponAPI.csproj", "{2A0B1BC2-EF3D-4220-B029-5AFF2AE31C98}"
EndProject
Project("{2150E333-8FDC-42A3-9474-1A3956D46DE8}") = "Integration", "Integration", "{5692ADB7-FA85-48A8-8FCA-2CA1767E6C78}"
EndProject
Project("{9A19103F-16F7-4668-BE54-9A1E7A4F7556}") = "ShopJoaoDias.MessageBus", "ShopJoaoDias.MessageBus\ShopJoaoDias.MessageBus.csproj", "{C9FD0583-DE20-43FF-A9CA-E56C89A50377}"
EndProject
Project("{9A19103F-16F7-4668-BE54-9A1E7A4F7556}") = "ShopJoaoDias.OrderAPI", "ShopJoaoDias.OrderAPI\ShopJoaoDias.OrderAPI.csproj", "{4A63EA90-C9BB-45F4-98CD-F3A2A93DC172}"
EndProject
Project("{2150E333-8FDC-42A3-9474-1A3956D46DE8}") = "Payments", "Payments", "{2C9EC61F-AFD4-4B8C-95A4-41696E4F1710}"
EndProject
Project("{FAE04EC0-301F-11D3-BF4B-00C04F79EFBC}") = "ShopJoaoDias.PaymentProcessor", "ShopJoaoDias.PaymentProcessor\ShopJoaoDias.PaymentProcessor.csproj", "{0A565FFC-7437-44EA-9238-061483176DA6}"
EndProject
Project("{FAE04EC0-301F-11D3-BF4B-00C04F79EFBC}") = "ShopJoaoDias.PaymentAPI", "ShopJoaoDias.PaymentAPI\ShopJoaoDias.PaymentAPI.csproj", "{135D693A-FA0C-4B3A-9C2B-48BD927E8653}"
EndProject
Global
	GlobalSection(SolutionConfigurationPlatforms) = preSolution
		Debug|Any CPU = Debug|Any CPU
		Release|Any CPU = Release|Any CPU
	EndGlobalSection
	GlobalSection(ProjectConfigurationPlatforms) = postSolution
		{8CB34359-6B94-48E9-B580-BEF0D575A012}.Debug|Any CPU.ActiveCfg = Debug|Any CPU
		{8CB34359-6B94-48E9-B580-BEF0D575A012}.Debug|Any CPU.Build.0 = Debug|Any CPU
		{8CB34359-6B94-48E9-B580-BEF0D575A012}.Release|Any CPU.ActiveCfg = Release|Any CPU
		{8CB34359-6B94-48E9-B580-BEF0D575A012}.Release|Any CPU.Build.0 = Release|Any CPU
		{EDD6EF86-1C79-4D89-B2C0-D8D69A1A8E0B}.Debug|Any CPU.ActiveCfg = Debug|Any CPU
		{EDD6EF86-1C79-4D89-B2C0-D8D69A1A8E0B}.Debug|Any CPU.Build.0 = Debug|Any CPU
		{EDD6EF86-1C79-4D89-B2C0-D8D69A1A8E0B}.Release|Any CPU.ActiveCfg = Release|Any CPU
		{EDD6EF86-1C79-4D89-B2C0-D8D69A1A8E0B}.Release|Any CPU.Build.0 = Release|Any CPU
		{D814E460-98EE-4956-AD23-93FB232CE206}.Debug|Any CPU.ActiveCfg = Debug|Any CPU
		{D814E460-98EE-4956-AD23-93FB232CE206}.Debug|Any CPU.Build.0 = Debug|Any CPU
		{D814E460-98EE-4956-AD23-93FB232CE206}.Release|Any CPU.ActiveCfg = Release|Any CPU
		{D814E460-98EE-4956-AD23-93FB232CE206}.Release|Any CPU.Build.0 = Release|Any CPU
		{CF639DBE-D6AF-45FD-A88A-66B65CE101E4}.Debug|Any CPU.ActiveCfg = Debug|Any CPU
		{CF639DBE-D6AF-45FD-A88A-66B65CE101E4}.Debug|Any CPU.Build.0 = Debug|Any CPU
		{CF639DBE-D6AF-45FD-A88A-66B65CE101E4}.Release|Any CPU.ActiveCfg = Release|Any CPU
		{CF639DBE-D6AF-45FD-A88A-66B65CE101E4}.Release|Any CPU.Build.0 = Release|Any CPU
		{2A0B1BC2-EF3D-4220-B029-5AFF2AE31C98}.Debug|Any CPU.ActiveCfg = Debug|Any CPU
		{2A0B1BC2-EF3D-4220-B029-5AFF2AE31C98}.Debug|Any CPU.Build.0 = Debug|Any CPU
		{2A0B1BC2-EF3D-4220-B029-5AFF2AE31C98}.Release|Any CPU.ActiveCfg = Release|Any CPU
		{2A0B1BC2-EF3D-4220-B029-5AFF2AE31C98}.Release|Any CPU.Build.0 = Release|Any CPU
		{C9FD0583-DE20-43FF-A9CA-E56C89A50377}.Debug|Any CPU.ActiveCfg = Debug|Any CPU
		{C9FD0583-DE20-43FF-A9CA-E56C89A50377}.Debug|Any CPU.Build.0 = Debug|Any CPU
		{C9FD0583-DE20-43FF-A9CA-E56C89A50377}.Release|Any CPU.ActiveCfg = Release|Any CPU
		{C9FD0583-DE20-43FF-A9CA-E56C89A50377}.Release|Any CPU.Build.0 = Release|Any CPU
		{4A63EA90-C9BB-45F4-98CD-F3A2A93DC172}.Debug|Any CPU.ActiveCfg = Debug|Any CPU
		{4A63EA90-C9BB-45F4-98CD-F3A2A93DC172}.Debug|Any CPU.Build.0 = Debug|Any CPU
		{4A63EA90-C9BB-45F4-98CD-F3A2A93DC172}.Release|Any CPU.ActiveCfg = Release|Any CPU
		{4A63EA90-C9BB-45F4-98CD-F3A2A93DC172}.Release|Any CPU.Build.0 = Release|Any CPU
		{0A565FFC-7437-44EA-9238-061483176DA6}.Debug|Any CPU.ActiveCfg = Debug|Any CPU
		{0A565FFC-7437-44EA-9238-061483176DA6}.Debug|Any CPU.Build.0 = Debug|Any CPU
		{0A565FFC-7437-44EA-9238-061483176DA6}.Release|Any CPU.ActiveCfg = Release|Any CPU
		{0A565FFC-7437-44EA-9238-061483176DA6}.Release|Any CPU.Build.0 = Release|Any CPU
		{135D693A-FA0C-4B3A-9C2B-48BD927E8653}.Debug|Any CPU.ActiveCfg = Debug|Any CPU
		{135D693A-FA0C-4B3A-9C2B-48BD927E8653}.Debug|Any CPU.Build.0 = Debug|Any CPU
		{135D693A-FA0C-4B3A-9C2B-48BD927E8653}.Release|Any CPU.ActiveCfg = Release|Any CPU
		{135D693A-FA0C-4B3A-9C2B-48BD927E8653}.Release|Any CPU.Build.0 = Release|Any CPU
	EndGlobalSection
	GlobalSection(SolutionProperties) = preSolution
		HideSolutionNode = FALSE
	EndGlobalSection
	GlobalSection(NestedProjects) = preSolution
		{8CB34359-6B94-48E9-B580-BEF0D575A012} = {5D7D01B6-30E0-4552-BE0E-6EE1577B5FA7}
		{EDD6EF86-1C79-4D89-B2C0-D8D69A1A8E0B} = {BE8F341D-1378-4B40-88F9-6901B74F17C3}
		{D814E460-98EE-4956-AD23-93FB232CE206} = {BE8F341D-1378-4B40-88F9-6901B74F17C3}
		{CF639DBE-D6AF-45FD-A88A-66B65CE101E4} = {BE8F341D-1378-4B40-88F9-6901B74F17C3}
		{2A0B1BC2-EF3D-4220-B029-5AFF2AE31C98} = {BE8F341D-1378-4B40-88F9-6901B74F17C3}
		{C9FD0583-DE20-43FF-A9CA-E56C89A50377} = {5692ADB7-FA85-48A8-8FCA-2CA1767E6C78}
		{4A63EA90-C9BB-45F4-98CD-F3A2A93DC172} = {BE8F341D-1378-4B40-88F9-6901B74F17C3}
		{0A565FFC-7437-44EA-9238-061483176DA6} = {2C9EC61F-AFD4-4B8C-95A4-41696E4F1710}
		{135D693A-FA0C-4B3A-9C2B-48BD927E8653} = {BE8F341D-1378-4B40-88F9-6901B74F17C3}
	EndGlobalSection
	GlobalSection(ExtensibilityGlobals) = postSolution
		SolutionGuid = {44782F14-DB85-4BF3-BFEA-254F451A02FA}
	EndGlobalSection
EndGlobal
